
Microsoft Visual Studio Solution File, Format Version 12.00
# Visual Studio Version 16
VisualStudioVersion = 16.0.31729.503
MinimumVisualStudioVersion = 10.0.40219.1
Project("{8BC9CEB8-8B4A-11D0-8D11-00A0C91BC942}") = "Tic Toc Toe Game In C++", "Tic Toc Toe Game In C++\Tic Toc Toe Game In C++.vcxproj", "{523817D9-F98B-4BB4-AF6E-BBEED8D667AC}"
EndProject
Global
	GlobalSection(SolutionConfigurationPlatforms) = preSolution
		Debug|x64 = Debug|x64
		Debug|x86 = Debug|x86
		Release|x64 = Release|x64
		Release|x86 = Release|x86
	EndGlobalSection
	GlobalSection(ProjectConfigurationPlatforms) = postSolution
		{523817D9-F98B-4BB4-AF6E-BBEED8D667AC}.Debug|x64.ActiveCfg = Debug|x64
		{523817D9-F98B-4BB4-AF6E-BBEED8D667AC}.Debug|x64.Build.0 = Debug|x64
		{523817D9-F98B-4BB4-AF6E-BBEED8D667AC}.Debug|x86.ActiveCfg = Debug|Win32
		{523817D9-F98B-4BB4-AF6E-BBEED8D667AC}.Debug|x86.Build.0 = Debug|Win32
		{523817D9-F98B-4BB4-AF6E-BBEED8D667AC}.Release|x64.ActiveCfg = Release|x64
		{523817D9-F98B-4BB4-AF6E-BBEED8D667AC}.Release|x64.Build.0 = Release|x64
		{523817D9-F98B-4BB4-AF6E-BBEED8D667AC}.Release|x86.ActiveCfg = Release|Win32
		{523817D9-F98B-4BB4-AF6E-BBEED8D667AC}.Release|x86.Build.0 = Release|Win32
	EndGlobalSection
	GlobalSection(SolutionProperties) = preSolution
		HideSolutionNode = FALSE
	EndGlobalSection
	GlobalSection(ExtensibilityGlobals) = postSolution
		SolutionGuid = {B316056C-75DE-4709-99BD-3CD24FEDC209}
	EndGlobalSection
EndGlobal
